
Microsoft Visual Studio Solution File, Format Version 12.00
# Visual Studio 15
VisualStudioVersion = 15.0.28010.2003
MinimumVisualStudioVersion = 10.0.40219.1
Project("{9A19103F-16F7-4668-BE54-9A1E7A4F7556}") = "Oliver.PetShop.Core.Entity", "Oliver.PetShop.Core.Entity\Oliver.PetShop.Core.Entity.csproj", "{C74EB4B8-88BD-4937-84DE-526303209FAB}"
EndProject
Project("{9A19103F-16F7-4668-BE54-9A1E7A4F7556}") = "Oliver.PetShop.Core", "Oliver.PetShop.Core\Oliver.PetShop.Core.csproj", "{F863B81F-8341-4BC1-B00A-A89E450CA0BA}"
EndProject
Project("{2150E333-8FDC-42A3-9474-1A3956D46DE8}") = "UI", "UI", "{811AD683-3807-4469-A78F-DDE1462A5563}"
EndProject
Project("{2150E333-8FDC-42A3-9474-1A3956D46DE8}") = "Infrastructure", "Infrastructure", "{63DDEC35-3A13-48D3-AF5E-452CD1415764}"
EndProject
Project("{2150E333-8FDC-42A3-9474-1A3956D46DE8}") = "Core", "Core", "{3B4F8602-0A51-439C-ACD0-DF167C463020}"
EndProject
Project("{9A19103F-16F7-4668-BE54-9A1E7A4F7556}") = "Oliver.PetShop.UI.ConsoleApp", "Oliver.PetShop.UI.ConsoleApp\Oliver.PetShop.UI.ConsoleApp.csproj", "{6C7C40A2-7E8E-4AFD-801D-6F30D356EE92}"
EndProject
Project("{9A19103F-16F7-4668-BE54-9A1E7A4F7556}") = "Oliver.PetShop.UI.PetRestAPI", "Oliver.PetShop.UI.PetRestAPI\Oliver.PetShop.UI.PetRestAPI.csproj", "{056B4BAA-C874-4A67-B244-64BF8131BB7D}"
EndProject
Project("{9A19103F-16F7-4668-BE54-9A1E7A4F7556}") = "Oliver.PetShop.Infrastructure.Data", "Oliver.PetShop.Infrastructure.Data2\Oliver.PetShop.Infrastructure.Data.csproj", "{034CE2B4-105B-4B35-959E-1357DEFC6658}"
EndProject
Project("{FAE04EC0-301F-11D3-BF4B-00C04F79EFBC}") = "Oliver.PetShop.UI.PetShopRestAPI", "Oliver.PetShop.UI.PetShopRestAPI\Oliver.PetShop.UI.PetShopRestAPI.csproj", "{4DD99926-DA4A-4FB7-B51D-57082F43D372}"
EndProject
Global
	GlobalSection(SolutionConfigurationPlatforms) = preSolution
		Debug|Any CPU = Debug|Any CPU
		Release|Any CPU = Release|Any CPU
	EndGlobalSection
	GlobalSection(ProjectConfigurationPlatforms) = postSolution
		{C74EB4B8-88BD-4937-84DE-526303209FAB}.Debug|Any CPU.ActiveCfg = Debug|Any CPU
		{C74EB4B8-88BD-4937-84DE-526303209FAB}.Debug|Any CPU.Build.0 = Debug|Any CPU
		{C74EB4B8-88BD-4937-84DE-526303209FAB}.Release|Any CPU.ActiveCfg = Release|Any CPU
		{C74EB4B8-88BD-4937-84DE-526303209FAB}.Release|Any CPU.Build.0 = Release|Any CPU
		{F863B81F-8341-4BC1-B00A-A89E450CA0BA}.Debug|Any CPU.ActiveCfg = Debug|Any CPU
		{F863B81F-8341-4BC1-B00A-A89E450CA0BA}.Debug|Any CPU.Build.0 = Debug|Any CPU
		{F863B81F-8341-4BC1-B00A-A89E450CA0BA}.Release|Any CPU.ActiveCfg = Release|Any CPU
		{F863B81F-8341-4BC1-B00A-A89E450CA0BA}.Release|Any CPU.Build.0 = Release|Any CPU
		{6C7C40A2-7E8E-4AFD-801D-6F30D356EE92}.Debug|Any CPU.ActiveCfg = Debug|Any CPU
		{6C7C40A2-7E8E-4AFD-801D-6F30D356EE92}.Debug|Any CPU.Build.0 = Debug|Any CPU
		{6C7C40A2-7E8E-4AFD-801D-6F30D356EE92}.Release|Any CPU.ActiveCfg = Release|Any CPU
		{6C7C40A2-7E8E-4AFD-801D-6F30D356EE92}.Release|Any CPU.Build.0 = Release|Any CPU
		{056B4BAA-C874-4A67-B244-64BF8131BB7D}.Debug|Any CPU.ActiveCfg = Debug|Any CPU
		{056B4BAA-C874-4A67-B244-64BF8131BB7D}.Debug|Any CPU.Build.0 = Debug|Any CPU
		{056B4BAA-C874-4A67-B244-64BF8131BB7D}.Release|Any CPU.ActiveCfg = Release|Any CPU
		{056B4BAA-C874-4A67-B244-64BF8131BB7D}.Release|Any CPU.Build.0 = Release|Any CPU
		{034CE2B4-105B-4B35-959E-1357DEFC6658}.Debug|Any CPU.ActiveCfg = Debug|Any CPU
		{034CE2B4-105B-4B35-959E-1357DEFC6658}.Debug|Any CPU.Build.0 = Debug|Any CPU
		{034CE2B4-105B-4B35-959E-1357DEFC6658}.Release|Any CPU.ActiveCfg = Release|Any CPU
		{034CE2B4-105B-4B35-959E-1357DEFC6658}.Release|Any CPU.Build.0 = Release|Any CPU
		{4DD99926-DA4A-4FB7-B51D-57082F43D372}.Debug|Any CPU.ActiveCfg = Debug|Any CPU
		{4DD99926-DA4A-4FB7-B51D-57082F43D372}.Debug|Any CPU.Build.0 = Debug|Any CPU
		{4DD99926-DA4A-4FB7-B51D-57082F43D372}.Release|Any CPU.ActiveCfg = Release|Any CPU
		{4DD99926-DA4A-4FB7-B51D-57082F43D372}.Release|Any CPU.Build.0 = Release|Any CPU
	EndGlobalSection
	GlobalSection(SolutionProperties) = preSolution
		HideSolutionNode = FALSE
	EndGlobalSection
	GlobalSection(NestedProjects) = preSolution
		{C74EB4B8-88BD-4937-84DE-526303209FAB} = {3B4F8602-0A51-439C-ACD0-DF167C463020}
		{F863B81F-8341-4BC1-B00A-A89E450CA0BA} = {3B4F8602-0A51-439C-ACD0-DF167C463020}
		{6C7C40A2-7E8E-4AFD-801D-6F30D356EE92} = {811AD683-3807-4469-A78F-DDE1462A5563}
		{056B4BAA-C874-4A67-B244-64BF8131BB7D} = {811AD683-3807-4469-A78F-DDE1462A5563}
		{034CE2B4-105B-4B35-959E-1357DEFC6658} = {63DDEC35-3A13-48D3-AF5E-452CD1415764}
		{4DD99926-DA4A-4FB7-B51D-57082F43D372} = {811AD683-3807-4469-A78F-DDE1462A5563}
	EndGlobalSection
	GlobalSection(ExtensibilityGlobals) = postSolution
		SolutionGuid = {A6D675ED-9C7D-4208-B01E-18D5090ECF82}
	EndGlobalSection
EndGlobal
